<?xml version="1.0" encoding="utf-8"?>
<Project ToolsVersion="4.0" xmlns="http://schemas.microsoft.com/developer/msbuild/2003">
  <ItemGroup>
    <Filter Include="Source Files">
      <UniqueIdentifier>{4FC737F1-C7A5-4376-A066-2A32D752A2FF}</UniqueIdentifier>
      <Extensions>cpp;c;cc;cxx;def;odl;idl;hpj;bat;asm;asmx</Extensions>
    </Filter>
    <Filter Include="Header Files">
      <UniqueIdentifier>{93995380-89BD-4b04-88EB-625FBE52EBFB}</UniqueIdentifier>
      <Extensions>h;hh;hpp;hxx;hm;inl;inc;xsd</Extensions>
    </Filter>
    <Filter Include="Resource Files">
      <UniqueIdentifier>{D9D6E242-F8AF-46E4-B9FD-80ECBC20BA3E}</UniqueIdentifier>
      <Extensions>qrc;*</Extensions>
      <ParseFiles>false</ParseFiles>
    </Filter>
    <Filter Include="Form Files">
      <UniqueIdentifier>{99349809-55BA-4b9d-BF79-8FDBB0286EB3}</UniqueIdentifier>
      <Extensions>ui</Extensions>
    </Filter>
    <Filter Include="Resource Files">
      <UniqueIdentifier>{D9D6E242-F8AF-46E4-B9FD-80ECBC20BA3E}</UniqueIdentifier>
      <Extensions>qrc;*</Extensions>
      <ParseFiles>false</ParseFiles>
    </Filter>
    <Filter Include="Source Files\Dependencies">
      <UniqueIdentifier>{c68322c3-b48c-4490-824f-3e74cdbfa54a}</UniqueIdentifier>
    </Filter>
    <Filter Include="Header Files\Dependencies">
      <UniqueIdentifier>{4161217d-18e1-47e1-858b-51d50b2e7b4a}</UniqueIdentifier>
    </Filter>
  </ItemGroup>
  <ItemGroup>
    <QtMoc Include="include\left.h">
      <Filter>Header Files</Filter>
    </QtMoc>
    <QtMoc Include="include\qopengl.h">
      <Filter>Header Files</Filter>
    </QtMoc>
    <QtMoc Include="include\glwidget.h">
      <Filter>Header Files</Filter>
    </QtMoc>
    <QtMoc Include="3rd_party\imgui\ImGuiRenderer.h">
      <Filter>Header Files\Dependencies</Filter>
    </QtMoc>
  </ItemGroup>
  <ItemGroup>
    <ClCompile Include="src\glwidget.cpp">
      <Filter>Source Files</Filter>
    </ClCompile>
    <ClCompile Include="src\left.cpp">
      <Filter>Source Files</Filter>
    </ClCompile>
    <ClCompile Include="src\logo.cpp">
      <Filter>Source Files</Filter>
    </ClCompile>
    <ClCompile Include="src\main.cpp">
      <Filter>Source Files</Filter>
    </ClCompile>
    <ClCompile Include="src\qopengl.cpp">
      <Filter>Source Files</Filter>
    </ClCompile>
    <ClCompile Include="3rd_party\glad\glad.c">
      <Filter>Source Files\Dependencies</Filter>
    </ClCompile>
    <ClCompile Include="3rd_party\imgui\imgui_widgets.cpp">
      <Filter>Source Files\Dependencies</Filter>
    </ClCompile>
    <ClCompile Include="3rd_party\imgui\ImGuiRenderer.cpp">
      <Filter>Source Files\Dependencies</Filter>
    </ClCompile>
    <ClCompile Include="3rd_party\imgui\QtImGui.cpp">
      <Filter>Source Files\Dependencies</Filter>
    </ClCompile>
    <ClCompile Include="3rd_party\imgui\imgui.cpp">
      <Filter>Source Files\Dependencies</Filter>
    </ClCompile>
    <ClCompile Include="3rd_party\imgui\imgui_demo.cpp">
      <Filter>Source Files\Dependencies</Filter>
    </ClCompile>
    <ClCompile Include="3rd_party\imgui\imgui_draw.cpp">
      <Filter>Source Files\Dependencies</Filter>
    </ClCompile>
    <ClCompile Include="3rd_party\imGuIZMO.quat\imGuIZMOquat.cpp">
      <Filter>Source Files\Dependencies</Filter>
    </ClCompile>
  </ItemGroup>
  <ItemGroup>
    <QtRcc Include="Resources\qopengl.qrc">
      <Filter>Resource Files</Filter>
    </QtRcc>
  </ItemGroup>
  <ItemGroup>
    <QtUic Include="ui\qopengl.ui">
      <Filter>Form Files</Filter>
    </QtUic>
    <QtUic Include="ui\left.ui">
      <Filter>Form Files</Filter>
    </QtUic>
  </ItemGroup>
  <ItemGroup>
    <ClInclude Include="include\logo.h">
      <Filter>Header Files</Filter>
    </ClInclude>
    <ClInclude Include="include\uic\ui_left.h">
      <Filter>Header Files</Filter>
    </ClInclude>
    <ClInclude Include="include\uic\ui_qopengl.h">
      <Filter>Header Files</Filter>
    </ClInclude>
    <ClInclude Include="3rd_party\glad\glad.h">
      <Filter>Header Files\Dependencies</Filter>
    </ClInclude>
    <ClInclude Include="3rd_party\imgui\imgui.h">
      <Filter>Header Files\Dependencies</Filter>
    </ClInclude>
    <ClInclude Include="3rd_party\imgui\imgui_internal.h">
      <Filter>Header Files\Dependencies</Filter>
    </ClInclude>
    <ClInclude Include="3rd_party\imgui\imstb_rectpack.h">
      <Filter>Header Files\Dependencies</Filter>
    </ClInclude>
    <ClInclude Include="3rd_party\imgui\imstb_textedit.h">
      <Filter>Header Files\Dependencies</Filter>
    </ClInclude>
    <ClInclude Include="3rd_party\imgui\imstb_truetype.h">
      <Filter>Header Files\Dependencies</Filter>
    </ClInclude>
    <ClInclude Include="3rd_party\imgui\QtImGui.h">
      <Filter>Header Files\Dependencies</Filter>
    </ClInclude>
    <ClInclude Include="3rd_party\imgui\stb_rect_pack.h">
      <Filter>Header Files\Dependencies</Filter>
    </ClInclude>
    <ClInclude Include="3rd_party\imgui\stb_textedit.h">
      <Filter>Header Files\Dependencies</Filter>
    </ClInclude>
    <ClInclude Include="3rd_party\imgui\stb_truetype.h">
      <Filter>Header Files\Dependencies</Filter>
    </ClInclude>
    <ClInclude Include="3rd_party\imgui\imconfig.h">
      <Filter>Header Files\Dependencies</Filter>
    </ClInclude>
    <ClInclude Include="3rd_party\imGuIZMO.quat\vGizmo.h">
      <Filter>Header Files\Dependencies</Filter>
    </ClInclude>
    <ClInclude Include="3rd_party\imGuIZMO.quat\vGizmoMath.h">
      <Filter>Header Files\Dependencies</Filter>
    </ClInclude>
    <ClInclude Include="3rd_party\imGuIZMO.quat\vgMath.h">
      <Filter>Header Files\Dependencies</Filter>
    </ClInclude>
    <ClInclude Include="3rd_party\imGuIZMO.quat\imGuIZMOquat.h">
      <Filter>Header Files\Dependencies</Filter>
    </ClInclude>
    <ClInclude Include="3rd_party\imGuIZMO.quat\vgConfig.h">
      <Filter>Header Files\Dependencies</Filter>
    </ClInclude>
    <ClInclude Include="3rd_party\KHR\khrplatform.h">
      <Filter>Header Files\Dependencies</Filter>
    </ClInclude>
    <ClInclude Include="3rd_party\imgui_bezier.h">
      <Filter>Header Files\Dependencies</Filter>
    </ClInclude>
    <ClInclude Include="3rd_party\GLFW\glfw3.h">
      <Filter>Header Files\Dependencies</Filter>
    </ClInclude>
    <ClInclude Include="3rd_party\GLFW\glfw3native.h">
      <Filter>Header Files\Dependencies</Filter>
    </ClInclude>
  </ItemGroup>
</Project>